
Microsoft Visual Studio Solution File, Format Version 12.00
# Visual Studio 2013
VisualStudioVersion = 12.0.31101.0
MinimumVisualStudioVersion = 10.0.40219.1
Project("{FAE04EC0-301F-11D3-BF4B-00C04F79EFBC}") = "LocalAccountsv2", "LocalAccountsv2.csproj", "{CC94995E-8658-4F86-8822-C7E04F226CFB}"
EndProject
Global
	GlobalSection(SolutionConfigurationPlatforms) = preSolution
		Debug|Any CPU = Debug|Any CPU
		Release|Any CPU = Release|Any CPU
	EndGlobalSection
	GlobalSection(ProjectConfigurationPlatforms) = postSolution
		{CC94995E-8658-4F86-8822-C7E04F226CFB}.Debug|Any CPU.ActiveCfg = Debug|Any CPU
		{CC94995E-8658-4F86-8822-C7E04F226CFB}.Debug|Any CPU.Build.0 = Debug|Any CPU
		{CC94995E-8658-4F86-8822-C7E04F226CFB}.Release|Any CPU.ActiveCfg = Release|Any CPU
		{CC94995E-8658-4F86-8822-C7E04F226CFB}.Release|Any CPU.Build.0 = Release|Any CPU
	EndGlobalSection
	GlobalSection(SolutionProperties) = preSolution
		HideSolutionNode = FALSE
	EndGlobalSection
EndGlobal
